
Microsoft Visual Studio Solution File, Format Version 12.00
# Visual Studio Version 17
VisualStudioVersion = 17.1.32104.313
MinimumVisualStudioVersion = 10.0.40219.1
Project("{9A19103F-16F7-4668-BE54-9A1E7A4F7556}") = "WebSchedule", "WebSchedule\WebSchedule.csproj", "{3A6BBC1F-5AFB-4A9E-84EE-24BD4DAFEAE3}"
EndProject
Global
	GlobalSection(SolutionConfigurationPlatforms) = preSolution
		Debug|Any CPU = Debug|Any CPU
		Release|Any CPU = Release|Any CPU
	EndGlobalSection
	GlobalSection(ProjectConfigurationPlatforms) = postSolution
		{3A6BBC1F-5AFB-4A9E-84EE-24BD4DAFEAE3}.Debug|Any CPU.ActiveCfg = Debug|Any CPU
		{3A6BBC1F-5AFB-4A9E-84EE-24BD4DAFEAE3}.Debug|Any CPU.Build.0 = Debug|Any CPU
		{3A6BBC1F-5AFB-4A9E-84EE-24BD4DAFEAE3}.Release|Any CPU.ActiveCfg = Release|Any CPU
		{3A6BBC1F-5AFB-4A9E-84EE-24BD4DAFEAE3}.Release|Any CPU.Build.0 = Release|Any CPU
	EndGlobalSection
	GlobalSection(SolutionProperties) = preSolution
		HideSolutionNode = FALSE
	EndGlobalSection
	GlobalSection(ExtensibilityGlobals) = postSolution
		SolutionGuid = {C9B4FDF1-AA48-486E-B36B-2B67535B6085}
	EndGlobalSection
EndGlobal
